
Microsoft Visual Studio Solution File, Format Version 12.00
# Visual Studio Version 17
VisualStudioVersion = 17.1.32210.238
MinimumVisualStudioVersion = 10.0.40219.1
Project("{FAE04EC0-301F-11D3-BF4B-00C04F79EFBC}") = "TicketingSystem", "TicketingSystem.csproj", "{FE403986-C573-4E2F-85AD-7B343C9AC49C}"
EndProject
Global
	GlobalSection(SolutionConfigurationPlatforms) = preSolution
		Debug|Any CPU = Debug|Any CPU
		Release|Any CPU = Release|Any CPU
	EndGlobalSection
	GlobalSection(ProjectConfigurationPlatforms) = postSolution
		{FE403986-C573-4E2F-85AD-7B343C9AC49C}.Debug|Any CPU.ActiveCfg = Debug|Any CPU
		{FE403986-C573-4E2F-85AD-7B343C9AC49C}.Debug|Any CPU.Build.0 = Debug|Any CPU
		{FE403986-C573-4E2F-85AD-7B343C9AC49C}.Release|Any CPU.ActiveCfg = Release|Any CPU
		{FE403986-C573-4E2F-85AD-7B343C9AC49C}.Release|Any CPU.Build.0 = Release|Any CPU
	EndGlobalSection
	GlobalSection(SolutionProperties) = preSolution
		HideSolutionNode = FALSE
	EndGlobalSection
	GlobalSection(ExtensibilityGlobals) = postSolution
		SolutionGuid = {4E571882-2D5F-481E-A931-F449A4FFD621}
	EndGlobalSection
EndGlobal
